
Microsoft Visual Studio Solution File, Format Version 12.00
# Visual Studio Version 16
VisualStudioVersion = 16.0.29209.62
MinimumVisualStudioVersion = 10.0.40219.1
Project("{FAE04EC0-301F-11D3-BF4B-00C04F79EFBC}") = "Alshami", "Alshami\Alshami.csproj", "{F785C3C6-AA99-4FE5-87AF-9F210E381064}"
EndProject
Global
	GlobalSection(SolutionConfigurationPlatforms) = preSolution
		Debug|Any CPU = Debug|Any CPU
		Release|Any CPU = Release|Any CPU
	EndGlobalSection
	GlobalSection(ProjectConfigurationPlatforms) = postSolution
		{F785C3C6-AA99-4FE5-87AF-9F210E381064}.Debug|Any CPU.ActiveCfg = Debug|Any CPU
		{F785C3C6-AA99-4FE5-87AF-9F210E381064}.Debug|Any CPU.Build.0 = Debug|Any CPU
		{F785C3C6-AA99-4FE5-87AF-9F210E381064}.Release|Any CPU.ActiveCfg = Release|Any CPU
		{F785C3C6-AA99-4FE5-87AF-9F210E381064}.Release|Any CPU.Build.0 = Release|Any CPU
	EndGlobalSection
	GlobalSection(SolutionProperties) = preSolution
		HideSolutionNode = FALSE
	EndGlobalSection
	GlobalSection(ExtensibilityGlobals) = postSolution
		SolutionGuid = {C2C6ED6C-844A-4DC0-ABD1-32F0EAA8F780}
	EndGlobalSection
EndGlobal
